// !$*UTF8*$!
{
	archiveVersion = 1;
	classes = {
	};
	objectVersion = 55;
	objects = {

/* Begin PBXBuildFile section */
		7C21CDD927A2CCE600ACB114 /* LoadingView.swift in Sources */ = {isa = PBXBuildFile; fileRef = 7C21CDD827A2CCE600ACB114 /* LoadingView.swift */; };
		7C21CDDC27A2D77B00ACB114 /* DetailWeatherViewController.swift in Sources */ = {isa = PBXBuildFile; fileRef = 7C21CDDB27A2D77B00ACB114 /* DetailWeatherViewController.swift */; };
		7C21CDE027A2D7B800ACB114 /* DetailWeatherCoordinator.swift in Sources */ = {isa = PBXBuildFile; fileRef = 7C21CDDF27A2D7B800ACB114 /* DetailWeatherCoordinator.swift */; };
		7C21CDE427A2D81100ACB114 /* DetailWeatherDIContainer.swift in Sources */ = {isa = PBXBuildFile; fileRef = 7C21CDE327A2D81100ACB114 /* DetailWeatherDIContainer.swift */; };
		7C21CDE627A2D88700ACB114 /* DetailWeatherViewModel.swift in Sources */ = {isa = PBXBuildFile; fileRef = 7C21CDE527A2D88700ACB114 /* DetailWeatherViewModel.swift */; };
		7C21CDE827A2F19600ACB114 /* Extension.swift in Sources */ = {isa = PBXBuildFile; fileRef = 7C21CDE727A2F19600ACB114 /* Extension.swift */; };
		7C9B9D9527A144ED0046F22C /* AppDelegate.swift in Sources */ = {isa = PBXBuildFile; fileRef = 7C9B9D9427A144ED0046F22C /* AppDelegate.swift */; };
		7C9B9D9727A144ED0046F22C /* SceneDelegate.swift in Sources */ = {isa = PBXBuildFile; fileRef = 7C9B9D9627A144ED0046F22C /* SceneDelegate.swift */; };
		7C9B9D9927A144ED0046F22C /* WeatherListViewController.swift in Sources */ = {isa = PBXBuildFile; fileRef = 7C9B9D9827A144ED0046F22C /* WeatherListViewController.swift */; };
		7C9B9D9E27A144EF0046F22C /* Assets.xcassets in Resources */ = {isa = PBXBuildFile; fileRef = 7C9B9D9D27A144EF0046F22C /* Assets.xcassets */; };
		7C9B9DA127A144EF0046F22C /* LaunchScreen.storyboard in Resources */ = {isa = PBXBuildFile; fileRef = 7C9B9D9F27A144EF0046F22C /* LaunchScreen.storyboard */; };
		7C9B9DA927A1479C0046F22C /* WeatherFromAPIEntity.swift in Sources */ = {isa = PBXBuildFile; fileRef = 7C9B9DA827A1479C0046F22C /* WeatherFromAPIEntity.swift */; };
		7C9B9DAB27A153290046F22C /* APIService.swift in Sources */ = {isa = PBXBuildFile; fileRef = 7C9B9DAA27A153290046F22C /* APIService.swift */; };
		7C9B9DAD27A1552C0046F22C /* WeatherListCoordinator.swift in Sources */ = {isa = PBXBuildFile; fileRef = 7C9B9DAC27A1552C0046F22C /* WeatherListCoordinator.swift */; };
		7C9B9DB127A177A00046F22C /* Coordinator.swift in Sources */ = {isa = PBXBuildFile; fileRef = 7C9B9DB027A177A00046F22C /* Coordinator.swift */; };
		7C9B9DB827A17A8D0046F22C /* WeatherListTableViewCell.swift in Sources */ = {isa = PBXBuildFile; fileRef = 7C9B9DB727A17A8D0046F22C /* WeatherListTableViewCell.swift */; };
		7C9B9DBC27A17B220046F22C /* WeatherListViewModel.swift in Sources */ = {isa = PBXBuildFile; fileRef = 7C9B9DBB27A17B220046F22C /* WeatherListViewModel.swift */; };
		7C9B9DC127A17C710046F22C /* WeatherListDIContainer.swift in Sources */ = {isa = PBXBuildFile; fileRef = 7C9B9DC027A17C710046F22C /* WeatherListDIContainer.swift */; };
		7C9B9DC527A1800A0046F22C /* WeatherModel.swift in Sources */ = {isa = PBXBuildFile; fileRef = 7C9B9DC427A1800A0046F22C /* WeatherModel.swift */; };
		7C9B9DC727A180DA0046F22C /* CityModel.swift in Sources */ = {isa = PBXBuildFile; fileRef = 7C9B9DC627A180DA0046F22C /* CityModel.swift */; };
		7C9B9DC927A186300046F22C /* FetchKoreanWeatherUseCase.swift in Sources */ = {isa = PBXBuildFile; fileRef = 7C9B9DC827A186300046F22C /* FetchKoreanWeatherUseCase.swift */; };
		7CD7382927A2A35E005B0221 /* Extensions.swift in Sources */ = {isa = PBXBuildFile; fileRef = 7CD7382827A2A35E005B0221 /* Extensions.swift */; };
		8E32793C0BF4E62F0E6F3A20 /* Pods_KoreanWheatherMap.framework in Frameworks */ = {isa = PBXBuildFile; fileRef = FD7B18239619A3D709277BAF /* Pods_KoreanWheatherMap.framework */; };
/* End PBXBuildFile section */

/* Begin PBXFileReference section */
		592C44A42018D857EFE0CA36 /* Pods-KoreanWheatherMap.debug.xcconfig */ = {isa = PBXFileReference; includeInIndex = 1; lastKnownFileType = text.xcconfig; name = "Pods-KoreanWheatherMap.debug.xcconfig"; path = "Target Support Files/Pods-KoreanWheatherMap/Pods-KoreanWheatherMap.debug.xcconfig"; sourceTree = "<group>"; };
		7C21CDD827A2CCE600ACB114 /* LoadingView.swift */ = {isa = PBXFileReference; lastKnownFileType = sourcecode.swift; path = LoadingView.swift; sourceTree = "<group>"; };
		7C21CDDB27A2D77B00ACB114 /* DetailWeatherViewController.swift */ = {isa = PBXFileReference; lastKnownFileType = sourcecode.swift; path = DetailWeatherViewController.swift; sourceTree = "<group>"; };
		7C21CDDF27A2D7B800ACB114 /* DetailWeatherCoordinator.swift */ = {isa = PBXFileReference; lastKnownFileType = sourcecode.swift; path = DetailWeatherCoordinator.swift; sourceTree = "<group>"; };
		7C21CDE327A2D81100ACB114 /* DetailWeatherDIContainer.swift */ = {isa = PBXFileReference; lastKnownFileType = sourcecode.swift; path = DetailWeatherDIContainer.swift; sourceTree = "<group>"; };
		7C21CDE527A2D88700ACB114 /* DetailWeatherViewModel.swift */ = {isa = PBXFileReference; lastKnownFileType = sourcecode.swift; path = DetailWeatherViewModel.swift; sourceTree = "<group>"; };
		7C21CDE727A2F19600ACB114 /* Extension.swift */ = {isa = PBXFileReference; lastKnownFileType = sourcecode.swift; path = Extension.swift; sourceTree = "<group>"; };
		7C9B9D9127A144ED0046F22C /* KoreanWheatherMap.app */ = {isa = PBXFileReference; explicitFileType = wrapper.application; includeInIndex = 0; path = KoreanWheatherMap.app; sourceTree = BUILT_PRODUCTS_DIR; };
		7C9B9D9427A144ED0046F22C /* AppDelegate.swift */ = {isa = PBXFileReference; lastKnownFileType = sourcecode.swift; path = AppDelegate.swift; sourceTree = "<group>"; };
		7C9B9D9627A144ED0046F22C /* SceneDelegate.swift */ = {isa = PBXFileReference; lastKnownFileType = sourcecode.swift; path = SceneDelegate.swift; sourceTree = "<group>"; };
		7C9B9D9827A144ED0046F22C /* WeatherListViewController.swift */ = {isa = PBXFileReference; lastKnownFileType = sourcecode.swift; path = WeatherListViewController.swift; sourceTree = "<group>"; };
		7C9B9D9D27A144EF0046F22C /* Assets.xcassets */ = {isa = PBXFileReference; lastKnownFileType = folder.assetcatalog; path = Assets.xcassets; sourceTree = "<group>"; };
		7C9B9DA027A144EF0046F22C /* Base */ = {isa = PBXFileReference; lastKnownFileType = file.storyboard; name = Base; path = Base.lproj/LaunchScreen.storyboard; sourceTree = "<group>"; };
		7C9B9DA227A144EF0046F22C /* Info.plist */ = {isa = PBXFileReference; lastKnownFileType = text.plist.xml; path = Info.plist; sourceTree = "<group>"; };
		7C9B9DA827A1479C0046F22C /* WeatherFromAPIEntity.swift */ = {isa = PBXFileReference; lastKnownFileType = sourcecode.swift; path = WeatherFromAPIEntity.swift; sourceTree = "<group>"; };
		7C9B9DAA27A153290046F22C /* APIService.swift */ = {isa = PBXFileReference; lastKnownFileType = sourcecode.swift; path = APIService.swift; sourceTree = "<group>"; };
		7C9B9DAC27A1552C0046F22C /* WeatherListCoordinator.swift */ = {isa = PBXFileReference; lastKnownFileType = sourcecode.swift; path = WeatherListCoordinator.swift; sourceTree = "<group>"; };
		7C9B9DB027A177A00046F22C /* Coordinator.swift */ = {isa = PBXFileReference; lastKnownFileType = sourcecode.swift; path = Coordinator.swift; sourceTree = "<group>"; };
		7C9B9DB727A17A8D0046F22C /* WeatherListTableViewCell.swift */ = {isa = PBXFileReference; lastKnownFileType = sourcecode.swift; path = WeatherListTableViewCell.swift; sourceTree = "<group>"; };
		7C9B9DBB27A17B220046F22C /* WeatherListViewModel.swift */ = {isa = PBXFileReference; lastKnownFileType = sourcecode.swift; path = WeatherListViewModel.swift; sourceTree = "<group>"; };
		7C9B9DC027A17C710046F22C /* WeatherListDIContainer.swift */ = {isa = PBXFileReference; lastKnownFileType = sourcecode.swift; path = WeatherListDIContainer.swift; sourceTree = "<group>"; };
		7C9B9DC427A1800A0046F22C /* WeatherModel.swift */ = {isa = PBXFileReference; lastKnownFileType = sourcecode.swift; path = WeatherModel.swift; sourceTree = "<group>"; };
		7C9B9DC627A180DA0046F22C /* CityModel.swift */ = {isa = PBXFileReference; lastKnownFileType = sourcecode.swift; path = CityModel.swift; sourceTree = "<group>"; };
		7C9B9DC827A186300046F22C /* FetchKoreanWeatherUseCase.swift */ = {isa = PBXFileReference; lastKnownFileType = sourcecode.swift; path = FetchKoreanWeatherUseCase.swift; sourceTree = "<group>"; };
		7CD7382827A2A35E005B0221 /* Extensions.swift */ = {isa = PBXFileReference; lastKnownFileType = sourcecode.swift; path = Extensions.swift; sourceTree = "<group>"; };
		C9588F715CE7C984B9C0A0AA /* Pods-KoreanWheatherMap.release.xcconfig */ = {isa = PBXFileReference; includeInIndex = 1; lastKnownFileType = text.xcconfig; name = "Pods-KoreanWheatherMap.release.xcconfig"; path = "Target Support Files/Pods-KoreanWheatherMap/Pods-KoreanWheatherMap.release.xcconfig"; sourceTree = "<group>"; };
		FD7B18239619A3D709277BAF /* Pods_KoreanWheatherMap.framework */ = {isa = PBXFileReference; explicitFileType = wrapper.framework; includeInIndex = 0; path = Pods_KoreanWheatherMap.framework; sourceTree = BUILT_PRODUCTS_DIR; };
/* End PBXFileReference section */

/* Begin PBXFrameworksBuildPhase section */
		7C9B9D8E27A144ED0046F22C /* Frameworks */ = {
			isa = PBXFrameworksBuildPhase;
			buildActionMask = 2147483647;
			files = (
				8E32793C0BF4E62F0E6F3A20 /* Pods_KoreanWheatherMap.framework in Frameworks */,
			);
			runOnlyForDeploymentPostprocessing = 0;
		};
/* End PBXFrameworksBuildPhase section */

/* Begin PBXGroup section */
		740B0A20B9A4192CE4E0FA3C /* Frameworks */ = {
			isa = PBXGroup;
			children = (
				FD7B18239619A3D709277BAF /* Pods_KoreanWheatherMap.framework */,
			);
			name = Frameworks;
			sourceTree = "<group>";
		};
		7C21CDD727A2CCD500ACB114 /* Utils */ = {
			isa = PBXGroup;
			children = (
				7C21CDD827A2CCE600ACB114 /* LoadingView.swift */,
				7C21CDE727A2F19600ACB114 /* Extension.swift */,
			);
			path = Utils;
			sourceTree = "<group>";
		};
		7C21CDDA27A2D75F00ACB114 /* DetailWeather */ = {
			isa = PBXGroup;
			children = (
				7C21CDDE27A2D7A400ACB114 /* Coordinator */,
				7C21CDE227A2D7F800ACB114 /* DIContainer */,
				7C21CDDD27A2D79B00ACB114 /* View */,
				7C21CDE127A2D7EB00ACB114 /* ViewModel */,
			);
			path = DetailWeather;
			sourceTree = "<group>";
		};
		7C21CDDD27A2D79B00ACB114 /* View */ = {
			isa = PBXGroup;
			children = (
				7C21CDDB27A2D77B00ACB114 /* DetailWeatherViewController.swift */,
			);
			path = View;
			sourceTree = "<group>";
		};
		7C21CDDE27A2D7A400ACB114 /* Coordinator */ = {
			isa = PBXGroup;
			children = (
				7C21CDDF27A2D7B800ACB114 /* DetailWeatherCoordinator.swift */,
			);
			path = Coordinator;
			sourceTree = "<group>";
		};
		7C21CDE127A2D7EB00ACB114 /* ViewModel */ = {
			isa = PBXGroup;
			children = (
				7C21CDE527A2D88700ACB114 /* DetailWeatherViewModel.swift */,
			);
			path = ViewModel;
			sourceTree = "<group>";
		};
		7C21CDE227A2D7F800ACB114 /* DIContainer */ = {
			isa = PBXGroup;
			children = (
				7C21CDE327A2D81100ACB114 /* DetailWeatherDIContainer.swift */,
			);
			path = DIContainer;
			sourceTree = "<group>";
		};
		7C9B9D8827A144ED0046F22C = {
			isa = PBXGroup;
			children = (
				7C9B9D9327A144ED0046F22C /* KoreanWheatherMap */,
				7C9B9D9227A144ED0046F22C /* Products */,
				DFDA112E4EA72930B626E6F7 /* Pods */,
				740B0A20B9A4192CE4E0FA3C /* Frameworks */,
			);
			sourceTree = "<group>";
		};
		7C9B9D9227A144ED0046F22C /* Products */ = {
			isa = PBXGroup;
			children = (
				7C9B9D9127A144ED0046F22C /* KoreanWheatherMap.app */,
			);
			name = Products;
			sourceTree = "<group>";
		};
		7C9B9D9327A144ED0046F22C /* KoreanWheatherMap */ = {
			isa = PBXGroup;
			children = (
				7C9B9DBD27A17BF00046F22C /* Application */,
				7C9B9DAE27A177480046F22C /* Presentation Layer */,
				7C9B9DB227A177DF0046F22C /* DomainLayer */,
				7C9B9DB327A177F40046F22C /* DataLayer */,
				7C9B9D9D27A144EF0046F22C /* Assets.xcassets */,
				7C9B9D9F27A144EF0046F22C /* LaunchScreen.storyboard */,
				7C9B9DA227A144EF0046F22C /* Info.plist */,
				7CD7382827A2A35E005B0221 /* Extensions.swift */,
			);
			path = KoreanWheatherMap;
			sourceTree = "<group>";
		};
		7C9B9DAE27A177480046F22C /* Presentation Layer */ = {
			isa = PBXGroup;
			children = (
				7C21CDD727A2CCD500ACB114 /* Utils */,
				7C9B9DAF27A177590046F22C /* WeatherList */,
				7C21CDDA27A2D75F00ACB114 /* DetailWeather */,
			);
			path = "Presentation Layer";
			sourceTree = "<group>";
		};
		7C9B9DAF27A177590046F22C /* WeatherList */ = {
			isa = PBXGroup;
			children = (
				7C9B9DBE27A17C300046F22C /* Coordinator */,
				7C9B9DBF27A17C3A0046F22C /* DIContainer */,
				7C9B9DB627A17A7A0046F22C /* View */,
				7C9B9DBA27A17B110046F22C /* ViewModel */,
			);
			path = WeatherList;
			sourceTree = "<group>";
		};
		7C9B9DB227A177DF0046F22C /* DomainLayer */ = {
			isa = PBXGroup;
			children = (
				7C9B9DC327A17EBB0046F22C /* DomainModels */,
				7C9B9DC227A17EB50046F22C /* UseCases */,
			);
			path = DomainLayer;
			sourceTree = "<group>";
		};
		7C9B9DB327A177F40046F22C /* DataLayer */ = {
			isa = PBXGroup;
			children = (
				7C9B9DB527A178410046F22C /* Entity */,
				7C9B9DB427A178000046F22C /* Network */,
			);
			path = DataLayer;
			sourceTree = "<group>";
		};
		7C9B9DB427A178000046F22C /* Network */ = {
			isa = PBXGroup;
			children = (
				7C9B9DAA27A153290046F22C /* APIService.swift */,
			);
			path = Network;
			sourceTree = "<group>";
		};
		7C9B9DB527A178410046F22C /* Entity */ = {
			isa = PBXGroup;
			children = (
				7C9B9DA827A1479C0046F22C /* WeatherFromAPIEntity.swift */,
			);
			path = Entity;
			sourceTree = "<group>";
		};
		7C9B9DB627A17A7A0046F22C /* View */ = {
			isa = PBXGroup;
			children = (
				7C9B9D9827A144ED0046F22C /* WeatherListViewController.swift */,
				7C9B9DB727A17A8D0046F22C /* WeatherListTableViewCell.swift */,
			);
			path = View;
			sourceTree = "<group>";
		};
		7C9B9DBA27A17B110046F22C /* ViewModel */ = {
			isa = PBXGroup;
			children = (
				7C9B9DBB27A17B220046F22C /* WeatherListViewModel.swift */,
			);
			path = ViewModel;
			sourceTree = "<group>";
		};
		7C9B9DBD27A17BF00046F22C /* Application */ = {
			isa = PBXGroup;
			children = (
				7C9B9D9427A144ED0046F22C /* AppDelegate.swift */,
				7C9B9D9627A144ED0046F22C /* SceneDelegate.swift */,
				7C9B9DB027A177A00046F22C /* Coordinator.swift */,
			);
			path = Application;
			sourceTree = "<group>";
		};
		7C9B9DBE27A17C300046F22C /* Coordinator */ = {
			isa = PBXGroup;
			children = (
				7C9B9DAC27A1552C0046F22C /* WeatherListCoordinator.swift */,
			);
			path = Coordinator;
			sourceTree = "<group>";
		};
		7C9B9DBF27A17C3A0046F22C /* DIContainer */ = {
			isa = PBXGroup;
			children = (
				7C9B9DC027A17C710046F22C /* WeatherListDIContainer.swift */,
			);
			path = DIContainer;
			sourceTree = "<group>";
		};
		7C9B9DC227A17EB50046F22C /* UseCases */ = {
			isa = PBXGroup;
			children = (
				7C9B9DC827A186300046F22C /* FetchKoreanWeatherUseCase.swift */,
			);
			path = UseCases;
			sourceTree = "<group>";
		};
		7C9B9DC327A17EBB0046F22C /* DomainModels */ = {
			isa = PBXGroup;
			children = (
				7C9B9DC427A1800A0046F22C /* WeatherModel.swift */,
				7C9B9DC627A180DA0046F22C /* CityModel.swift */,
			);
			path = DomainModels;
			sourceTree = "<group>";
		};
		DFDA112E4EA72930B626E6F7 /* Pods */ = {
			isa = PBXGroup;
			children = (
				592C44A42018D857EFE0CA36 /* Pods-KoreanWheatherMap.debug.xcconfig */,
				C9588F715CE7C984B9C0A0AA /* Pods-KoreanWheatherMap.release.xcconfig */,
			);
			path = Pods;
			sourceTree = "<group>";
		};
/* End PBXGroup section */

/* Begin PBXNativeTarget section */
		7C9B9D9027A144ED0046F22C /* KoreanWheatherMap */ = {
			isa = PBXNativeTarget;
			buildConfigurationList = 7C9B9DA527A144EF0046F22C /* Build configuration list for PBXNativeTarget "KoreanWheatherMap" */;
			buildPhases = (
				8E2E74CC2CB04B22EE8A5922 /* [CP] Check Pods Manifest.lock */,
				7C9B9D8D27A144ED0046F22C /* Sources */,
				7C9B9D8E27A144ED0046F22C /* Frameworks */,
				7C9B9D8F27A144ED0046F22C /* Resources */,
				8A848FF6F1390D1E9FD9E3D2 /* [CP] Embed Pods Frameworks */,
			);
			buildRules = (
			);
			dependencies = (
			);
			name = KoreanWheatherMap;
			productName = KoreanWheatherMap;
			productReference = 7C9B9D9127A144ED0046F22C /* KoreanWheatherMap.app */;
			productType = "com.apple.product-type.application";
		};
/* End PBXNativeTarget section */

/* Begin PBXProject section */
		7C9B9D8927A144ED0046F22C /* Project object */ = {
			isa = PBXProject;
			attributes = {
				BuildIndependentTargetsInParallel = 1;
				LastSwiftUpdateCheck = 1320;
				LastUpgradeCheck = 1320;
				TargetAttributes = {
					7C9B9D9027A144ED0046F22C = {
						CreatedOnToolsVersion = 13.2.1;
					};
				};
			};
			buildConfigurationList = 7C9B9D8C27A144ED0046F22C /* Build configuration list for PBXProject "KoreanWheatherMap" */;
			compatibilityVersion = "Xcode 13.0";
			developmentRegion = en;
			hasScannedForEncodings = 0;
			knownRegions = (
				en,
				Base,
			);
			mainGroup = 7C9B9D8827A144ED0046F22C;
			productRefGroup = 7C9B9D9227A144ED0046F22C /* Products */;
			projectDirPath = "";
			projectRoot = "";
			targets = (
				7C9B9D9027A144ED0046F22C /* KoreanWheatherMap */,
			);
		};
/* End PBXProject section */

/* Begin PBXResourcesBuildPhase section */
		7C9B9D8F27A144ED0046F22C /* Resources */ = {
			isa = PBXResourcesBuildPhase;
			buildActionMask = 2147483647;
			files = (
				7C9B9DA127A144EF0046F22C /* LaunchScreen.storyboard in Resources */,
				7C9B9D9E27A144EF0046F22C /* Assets.xcassets in Resources */,
			);
			runOnlyForDeploymentPostprocessing = 0;
		};
/* End PBXResourcesBuildPhase section */

/* Begin PBXShellScriptBuildPhase section */
		8A848FF6F1390D1E9FD9E3D2 /* [CP] Embed Pods Frameworks */ = {
			isa = PBXShellScriptBuildPhase;
			buildActionMask = 2147483647;
			files = (
			);
			inputFileListPaths = (
				"${PODS_ROOT}/Target Support Files/Pods-KoreanWheatherMap/Pods-KoreanWheatherMap-frameworks-${CONFIGURATION}-input-files.xcfilelist",
			);
			name = "[CP] Embed Pods Frameworks";
			outputFileListPaths = (
				"${PODS_ROOT}/Target Support Files/Pods-KoreanWheatherMap/Pods-KoreanWheatherMap-frameworks-${CONFIGURATION}-output-files.xcfilelist",
			);
			runOnlyForDeploymentPostprocessing = 0;
			shellPath = /bin/sh;
			shellScript = "\"${PODS_ROOT}/Target Support Files/Pods-KoreanWheatherMap/Pods-KoreanWheatherMap-frameworks.sh\"\n";
			showEnvVarsInLog = 0;
		};
		8E2E74CC2CB04B22EE8A5922 /* [CP] Check Pods Manifest.lock */ = {
			isa = PBXShellScriptBuildPhase;
			buildActionMask = 2147483647;
			files = (
			);
			inputFileListPaths = (
			);
			inputPaths = (
				"${PODS_PODFILE_DIR_PATH}/Podfile.lock",
				"${PODS_ROOT}/Manifest.lock",
			);
			name = "[CP] Check Pods Manifest.lock";
			outputFileListPaths = (
			);
			outputPaths = (
				"$(DERIVED_FILE_DIR)/Pods-KoreanWheatherMap-checkManifestLockResult.txt",
			);
			runOnlyForDeploymentPostprocessing = 0;
			shellPath = /bin/sh;
			shellScript = "diff \"${PODS_PODFILE_DIR_PATH}/Podfile.lock\" \"${PODS_ROOT}/Manifest.lock\" > /dev/null\nif [ $? != 0 ] ; then\n    # print error to STDERR\n    echo \"error: The sandbox is not in sync with the Podfile.lock. Run 'pod install' or update your CocoaPods installation.\" >&2\n    exit 1\nfi\n# This output is used by Xcode 'outputs' to avoid re-running this script phase.\necho \"SUCCESS\" > \"${SCRIPT_OUTPUT_FILE_0}\"\n";
			showEnvVarsInLog = 0;
		};
/* End PBXShellScriptBuildPhase section */

/* Begin PBXSourcesBuildPhase section */
		7C9B9D8D27A144ED0046F22C /* Sources */ = {
			isa = PBXSourcesBuildPhase;
			buildActionMask = 2147483647;
			files = (
				7C9B9DBC27A17B220046F22C /* WeatherListViewModel.swift in Sources */,
				7C9B9DB827A17A8D0046F22C /* WeatherListTableViewCell.swift in Sources */,
				7C9B9D9927A144ED0046F22C /* WeatherListViewController.swift in Sources */,
				7C9B9DAD27A1552C0046F22C /* WeatherListCoordinator.swift in Sources */,
				7C21CDE427A2D81100ACB114 /* DetailWeatherDIContainer.swift in Sources */,
				7C9B9DAB27A153290046F22C /* APIService.swift in Sources */,
				7C9B9DC127A17C710046F22C /* WeatherListDIContainer.swift in Sources */,
				7C9B9D9527A144ED0046F22C /* AppDelegate.swift in Sources */,
				7C9B9DA927A1479C0046F22C /* WeatherFromAPIEntity.swift in Sources */,
				7C21CDD927A2CCE600ACB114 /* LoadingView.swift in Sources */,
				7C9B9DC727A180DA0046F22C /* CityModel.swift in Sources */,
				7C21CDDC27A2D77B00ACB114 /* DetailWeatherViewController.swift in Sources */,
				7C9B9DC927A186300046F22C /* FetchKoreanWeatherUseCase.swift in Sources */,
				7C9B9D9727A144ED0046F22C /* SceneDelegate.swift in Sources */,
				7C9B9DB127A177A00046F22C /* Coordinator.swift in Sources */,
				7C21CDE827A2F19600ACB114 /* Extension.swift in Sources */,
				7C21CDE627A2D88700ACB114 /* DetailWeatherViewModel.swift in Sources */,
				7C9B9DC527A1800A0046F22C /* WeatherModel.swift in Sources */,
				7C21CDE027A2D7B800ACB114 /* DetailWeatherCoordinator.swift in Sources */,
				7CD7382927A2A35E005B0221 /* Extensions.swift in Sources */,
			);
			runOnlyForDeploymentPostprocessing = 0;
		};
/* End PBXSourcesBuildPhase section */

/* Begin PBXVariantGroup section */
		7C9B9D9F27A144EF0046F22C /* LaunchScreen.storyboard */ = {
			isa = PBXVariantGroup;
			children = (
				7C9B9DA027A144EF0046F22C /* Base */,
			);
			name = LaunchScreen.storyboard;
			sourceTree = "<group>";
		};
/* End PBXVariantGroup section */

/* Begin XCBuildConfiguration section */
		7C9B9DA327A144EF0046F22C /* Debug */ = {
			isa = XCBuildConfiguration;
			buildSettings = {
				ALWAYS_SEARCH_USER_PATHS = NO;
				CLANG_ANALYZER_NONNULL = YES;
				CLANG_ANALYZER_NUMBER_OBJECT_CONVERSION = YES_AGGRESSIVE;
				CLANG_CXX_LANGUAGE_STANDARD = "gnu++17";
				CLANG_CXX_LIBRARY = "libc++";
				CLANG_ENABLE_MODULES = YES;
				CLANG_ENABLE_OBJC_ARC = YES;
				CLANG_ENABLE_OBJC_WEAK = YES;
				CLANG_WARN_BLOCK_CAPTURE_AUTORELEASING = YES;
				CLANG_WARN_BOOL_CONVERSION = YES;
				CLANG_WARN_COMMA = YES;
				CLANG_WARN_CONSTANT_CONVERSION = YES;
				CLANG_WARN_DEPRECATED_OBJC_IMPLEMENTATIONS = YES;
				CLANG_WARN_DIRECT_OBJC_ISA_USAGE = YES_ERROR;
				CLANG_WARN_DOCUMENTATION_COMMENTS = YES;
				CLANG_WARN_EMPTY_BODY = YES;
				CLANG_WARN_ENUM_CONVERSION = YES;
				CLANG_WARN_INFINITE_RECURSION = YES;
				CLANG_WARN_INT_CONVERSION = YES;
				CLANG_WARN_NON_LITERAL_NULL_CONVERSION = YES;
				CLANG_WARN_OBJC_IMPLICIT_RETAIN_SELF = YES;
				CLANG_WARN_OBJC_LITERAL_CONVERSION = YES;
				CLANG_WARN_OBJC_ROOT_CLASS = YES_ERROR;
				CLANG_WARN_QUOTED_INCLUDE_IN_FRAMEWORK_HEADER = YES;
				CLANG_WARN_RANGE_LOOP_ANALYSIS = YES;
				CLANG_WARN_STRICT_PROTOTYPES = YES;
				CLANG_WARN_SUSPICIOUS_MOVE = YES;
				CLANG_WARN_UNGUARDED_AVAILABILITY = YES_AGGRESSIVE;
				CLANG_WARN_UNREACHABLE_CODE = YES;
				CLANG_WARN__DUPLICATE_METHOD_MATCH = YES;
				COPY_PHASE_STRIP = NO;
				DEBUG_INFORMATION_FORMAT = dwarf;
				ENABLE_STRICT_OBJC_MSGSEND = YES;
				ENABLE_TESTABILITY = YES;
				GCC_C_LANGUAGE_STANDARD = gnu11;
				GCC_DYNAMIC_NO_PIC = NO;
				GCC_NO_COMMON_BLOCKS = YES;
				GCC_OPTIMIZATION_LEVEL = 0;
				GCC_PREPROCESSOR_DEFINITIONS = (
					"DEBUG=1",
					"$(inherited)",
				);
				GCC_WARN_64_TO_32_BIT_CONVERSION = YES;
				GCC_WARN_ABOUT_RETURN_TYPE = YES_ERROR;
				GCC_WARN_UNDECLARED_SELECTOR = YES;
				GCC_WARN_UNINITIALIZED_AUTOS = YES_AGGRESSIVE;
				GCC_WARN_UNUSED_FUNCTION = YES;
				GCC_WARN_UNUSED_VARIABLE = YES;
				IPHONEOS_DEPLOYMENT_TARGET = 15.2;
				MTL_ENABLE_DEBUG_INFO = INCLUDE_SOURCE;
				MTL_FAST_MATH = YES;
				ONLY_ACTIVE_ARCH = YES;
				SDKROOT = iphoneos;
				SWIFT_ACTIVE_COMPILATION_CONDITIONS = DEBUG;
				SWIFT_OPTIMIZATION_LEVEL = "-Onone";
			};
			name = Debug;
		};
		7C9B9DA427A144EF0046F22C /* Release */ = {
			isa = XCBuildConfiguration;
			buildSettings = {
				ALWAYS_SEARCH_USER_PATHS = NO;
				CLANG_ANALYZER_NONNULL = YES;
				CLANG_ANALYZER_NUMBER_OBJECT_CONVERSION = YES_AGGRESSIVE;
				CLANG_CXX_LANGUAGE_STANDARD = "gnu++17";
				CLANG_CXX_LIBRARY = "libc++";
				CLANG_ENABLE_MODULES = YES;
				CLANG_ENABLE_OBJC_ARC = YES;
				CLANG_ENABLE_OBJC_WEAK = YES;
				CLANG_WARN_BLOCK_CAPTURE_AUTORELEASING = YES;
				CLANG_WARN_BOOL_CONVERSION = YES;
				CLANG_WARN_COMMA = YES;
				CLANG_WARN_CONSTANT_CONVERSION = YES;
				CLANG_WARN_DEPRECATED_OBJC_IMPLEMENTATIONS = YES;
				CLANG_WARN_DIRECT_OBJC_ISA_USAGE = YES_ERROR;
				CLANG_WARN_DOCUMENTATION_COMMENTS = YES;
				CLANG_WARN_EMPTY_BODY = YES;
				CLANG_WARN_ENUM_CONVERSION = YES;
				CLANG_WARN_INFINITE_RECURSION = YES;
				CLANG_WARN_INT_CONVERSION = YES;
				CLANG_WARN_NON_LITERAL_NULL_CONVERSION = YES;
				CLANG_WARN_OBJC_IMPLICIT_RETAIN_SELF = YES;
				CLANG_WARN_OBJC_LITERAL_CONVERSION = YES;
				CLANG_WARN_OBJC_ROOT_CLASS = YES_ERROR;
				CLANG_WARN_QUOTED_INCLUDE_IN_FRAMEWORK_HEADER = YES;
				CLANG_WARN_RANGE_LOOP_ANALYSIS = YES;
				CLANG_WARN_STRICT_PROTOTYPES = YES;
				CLANG_WARN_SUSPICIOUS_MOVE = YES;
				CLANG_WARN_UNGUARDED_AVAILABILITY = YES_AGGRESSIVE;
				CLANG_WARN_UNREACHABLE_CODE = YES;
				CLANG_WARN__DUPLICATE_METHOD_MATCH = YES;
				COPY_PHASE_STRIP = NO;
				DEBUG_INFORMATION_FORMAT = "dwarf-with-dsym";
				ENABLE_NS_ASSERTIONS = NO;
				ENABLE_STRICT_OBJC_MSGSEND = YES;
				GCC_C_LANGUAGE_STANDARD = gnu11;
				GCC_NO_COMMON_BLOCKS = YES;
				GCC_WARN_64_TO_32_BIT_CONVERSION = YES;
				GCC_WARN_ABOUT_RETURN_TYPE = YES_ERROR;
				GCC_WARN_UNDECLARED_SELECTOR = YES;
				GCC_WARN_UNINITIALIZED_AUTOS = YES_AGGRESSIVE;
				GCC_WARN_UNUSED_FUNCTION = YES;
				GCC_WARN_UNUSED_VARIABLE = YES;
				IPHONEOS_DEPLOYMENT_TARGET = 15.2;
				MTL_ENABLE_DEBUG_INFO = NO;
				MTL_FAST_MATH = YES;
				SDKROOT = iphoneos;
				SWIFT_COMPILATION_MODE = wholemodule;
				SWIFT_OPTIMIZATION_LEVEL = "-O";
				VALIDATE_PRODUCT = YES;
			};
			name = Release;
		};
		7C9B9DA627A144EF0046F22C /* Debug */ = {
			isa = XCBuildConfiguration;
			baseConfigurationReference = 592C44A42018D857EFE0CA36 /* Pods-KoreanWheatherMap.debug.xcconfig */;
			buildSettings = {
				ASSETCATALOG_COMPILER_APPICON_NAME = AppIcon;
				ASSETCATALOG_COMPILER_GLOBAL_ACCENT_COLOR_NAME = AccentColor;
				CODE_SIGN_STYLE = Automatic;
				CURRENT_PROJECT_VERSION = 1;
				DEVELOPMENT_TEAM = BAC795627G;
				GENERATE_INFOPLIST_FILE = YES;
				INFOPLIST_FILE = KoreanWheatherMap/Info.plist;
				INFOPLIST_KEY_UIApplicationSupportsIndirectInputEvents = YES;
				INFOPLIST_KEY_UILaunchStoryboardName = LaunchScreen;
				INFOPLIST_KEY_UISupportedInterfaceOrientations_iPad = "UIInterfaceOrientationPortrait UIInterfaceOrientationPortraitUpsideDown UIInterfaceOrientationLandscapeLeft UIInterfaceOrientationLandscapeRight";
				INFOPLIST_KEY_UISupportedInterfaceOrientations_iPhone = "UIInterfaceOrientationPortrait UIInterfaceOrientationLandscapeLeft UIInterfaceOrientationLandscapeRight";
				LD_RUNPATH_SEARCH_PATHS = (
					"$(inherited)",
					"@executable_path/Frameworks",
				);
				MARKETING_VERSION = 1.0;
				PRODUCT_BUNDLE_IDENTIFIER = com.KoreanWheatherMap;
				PRODUCT_NAME = "$(TARGET_NAME)";
				SWIFT_EMIT_LOC_STRINGS = YES;
				SWIFT_VERSION = 5.0;
				TARGETED_DEVICE_FAMILY = "1,2";
			};
			name = Debug;
		};
		7C9B9DA727A144EF0046F22C /* Release */ = {
			isa = XCBuildConfiguration;
			baseConfigurationReference = C9588F715CE7C984B9C0A0AA /* Pods-KoreanWheatherMap.release.xcconfig */;
			buildSettings = {
				ASSETCATALOG_COMPILER_APPICON_NAME = AppIcon;
				ASSETCATALOG_COMPILER_GLOBAL_ACCENT_COLOR_NAME = AccentColor;
				CODE_SIGN_STYLE = Automatic;
				CURRENT_PROJECT_VERSION = 1;
				DEVELOPMENT_TEAM = BAC795627G;
				GENERATE_INFOPLIST_FILE = YES;
				INFOPLIST_FILE = KoreanWheatherMap/Info.plist;
				INFOPLIST_KEY_UIApplicationSupportsIndirectInputEvents = YES;
				INFOPLIST_KEY_UILaunchStoryboardName = LaunchScreen;
				INFOPLIST_KEY_UISupportedInterfaceOrientations_iPad = "UIInterfaceOrientationPortrait UIInterfaceOrientationPortraitUpsideDown UIInterfaceOrientationLandscapeLeft UIInterfaceOrientationLandscapeRight";
				INFOPLIST_KEY_UISupportedInterfaceOrientations_iPhone = "UIInterfaceOrientationPortrait UIInterfaceOrientationLandscapeLeft UIInterfaceOrientationLandscapeRight";
				LD_RUNPATH_SEARCH_PATHS = (
					"$(inherited)",
					"@executable_path/Frameworks",
				);
				MARKETING_VERSION = 1.0;
				PRODUCT_BUNDLE_IDENTIFIER = com.KoreanWheatherMap;
				PRODUCT_NAME = "$(TARGET_NAME)";
				SWIFT_EMIT_LOC_STRINGS = YES;
				SWIFT_VERSION = 5.0;
				TARGETED_DEVICE_FAMILY = "1,2";
			};
			name = Release;
		};
/* End XCBuildConfiguration section */

/* Begin XCConfigurationList section */
		7C9B9D8C27A144ED0046F22C /* Build configuration list for PBXProject "KoreanWheatherMap" */ = {
			isa = XCConfigurationList;
			buildConfigurations = (
				7C9B9DA327A144EF0046F22C /* Debug */,
				7C9B9DA427A144EF0046F22C /* Release */,
			);
			defaultConfigurationIsVisible = 0;
			defaultConfigurationName = Release;
		};
		7C9B9DA527A144EF0046F22C /* Build configuration list for PBXNativeTarget "KoreanWheatherMap" */ = {
			isa = XCConfigurationList;
			buildConfigurations = (
				7C9B9DA627A144EF0046F22C /* Debug */,
				7C9B9DA727A144EF0046F22C /* Release */,
			);
			defaultConfigurationIsVisible = 0;
			defaultConfigurationName = Release;
		};
/* End XCConfigurationList section */
	};
	rootObject = 7C9B9D8927A144ED0046F22C /* Project object */;
}
